
Microsoft Visual Studio Solution File, Format Version 12.00
# Visual Studio 2012
Project("{8BC9CEB8-8B4A-11D0-8D11-00A0C91BC942}") = "libcangjie2", "libcangjie2\libcangjie2.vcxproj", "{5C9F2C87-FD37-4BCE-814B-C95C44E53AF6}"
	ProjectSection(ProjectDependencies) = postProject
		{1DF57539-EB65-485E-B70F-97DF875018C3} = {1DF57539-EB65-485E-B70F-97DF875018C3}
	EndProjectSection
EndProject
Project("{8BC9CEB8-8B4A-11D0-8D11-00A0C91BC942}") = "sqlite3", "sqlite3\sqlite3.vcxproj", "{1DF57539-EB65-485E-B70F-97DF875018C3}"
EndProject
Project("{8BC9CEB8-8B4A-11D0-8D11-00A0C91BC942}") = "libcangjie2_dbbuilder", "libcangjie2_dbbuilder\libcangjie2_dbbuilder.vcxproj", "{F700AB2E-7BBE-4985-803B-BF9011E45E47}"
	ProjectSection(ProjectDependencies) = postProject
		{1DF57539-EB65-485E-B70F-97DF875018C3} = {1DF57539-EB65-485E-B70F-97DF875018C3}
	EndProjectSection
EndProject
Project("{8BC9CEB8-8B4A-11D0-8D11-00A0C91BC942}") = "libcangjie2_cli", "libcangjie2_cli\libcangjie2_cli.vcxproj", "{D7DD0126-0167-4A9E-8947-06654138EF65}"
	ProjectSection(ProjectDependencies) = postProject
		{5C9F2C87-FD37-4BCE-814B-C95C44E53AF6} = {5C9F2C87-FD37-4BCE-814B-C95C44E53AF6}
	EndProjectSection
EndProject
Project("{8BC9CEB8-8B4A-11D0-8D11-00A0C91BC942}") = "libcangjie2_bench", "libcangjie2_bench\libcangjie2_bench.vcxproj", "{6E5E5DAD-4CAF-40A0-9BF9-841C8721B528}"
	ProjectSection(ProjectDependencies) = postProject
		{5C9F2C87-FD37-4BCE-814B-C95C44E53AF6} = {5C9F2C87-FD37-4BCE-814B-C95C44E53AF6}
	EndProjectSection
EndProject
Project("{8BC9CEB8-8B4A-11D0-8D11-00A0C91BC942}") = "test_cangjie", "test_cangjie\test_cangjie.vcxproj", "{0B6C79FD-2596-4F1D-8442-FE02C32935EE}"
	ProjectSection(ProjectDependencies) = postProject
		{5C9F2C87-FD37-4BCE-814B-C95C44E53AF6} = {5C9F2C87-FD37-4BCE-814B-C95C44E53AF6}
	EndProjectSection
EndProject
Global
	GlobalSection(SolutionConfigurationPlatforms) = preSolution
		Debug|Win32 = Debug|Win32
		Release|Win32 = Release|Win32
	EndGlobalSection
	GlobalSection(ProjectConfigurationPlatforms) = postSolution
		{5C9F2C87-FD37-4BCE-814B-C95C44E53AF6}.Debug|Win32.ActiveCfg = Debug|Win32
		{5C9F2C87-FD37-4BCE-814B-C95C44E53AF6}.Debug|Win32.Build.0 = Debug|Win32
		{5C9F2C87-FD37-4BCE-814B-C95C44E53AF6}.Release|Win32.ActiveCfg = Release|Win32
		{5C9F2C87-FD37-4BCE-814B-C95C44E53AF6}.Release|Win32.Build.0 = Release|Win32
		{1DF57539-EB65-485E-B70F-97DF875018C3}.Debug|Win32.ActiveCfg = Debug|Win32
		{1DF57539-EB65-485E-B70F-97DF875018C3}.Debug|Win32.Build.0 = Debug|Win32
		{1DF57539-EB65-485E-B70F-97DF875018C3}.Release|Win32.ActiveCfg = Release|Win32
		{1DF57539-EB65-485E-B70F-97DF875018C3}.Release|Win32.Build.0 = Release|Win32
		{F700AB2E-7BBE-4985-803B-BF9011E45E47}.Debug|Win32.ActiveCfg = Debug|Win32
		{F700AB2E-7BBE-4985-803B-BF9011E45E47}.Debug|Win32.Build.0 = Debug|Win32
		{F700AB2E-7BBE-4985-803B-BF9011E45E47}.Release|Win32.ActiveCfg = Release|Win32
		{F700AB2E-7BBE-4985-803B-BF9011E45E47}.Release|Win32.Build.0 = Release|Win32
		{D7DD0126-0167-4A9E-8947-06654138EF65}.Debug|Win32.ActiveCfg = Debug|Win32
		{D7DD0126-0167-4A9E-8947-06654138EF65}.Debug|Win32.Build.0 = Debug|Win32
		{D7DD0126-0167-4A9E-8947-06654138EF65}.Release|Win32.ActiveCfg = Release|Win32
		{D7DD0126-0167-4A9E-8947-06654138EF65}.Release|Win32.Build.0 = Release|Win32
		{6E5E5DAD-4CAF-40A0-9BF9-841C8721B528}.Debug|Win32.ActiveCfg = Debug|Win32
		{6E5E5DAD-4CAF-40A0-9BF9-841C8721B528}.Debug|Win32.Build.0 = Debug|Win32
		{6E5E5DAD-4CAF-40A0-9BF9-841C8721B528}.Release|Win32.ActiveCfg = Release|Win32
		{6E5E5DAD-4CAF-40A0-9BF9-841C8721B528}.Release|Win32.Build.0 = Release|Win32
		{0B6C79FD-2596-4F1D-8442-FE02C32935EE}.Debug|Win32.ActiveCfg = Debug|Win32
		{0B6C79FD-2596-4F1D-8442-FE02C32935EE}.Debug|Win32.Build.0 = Debug|Win32
		{0B6C79FD-2596-4F1D-8442-FE02C32935EE}.Release|Win32.ActiveCfg = Release|Win32
		{0B6C79FD-2596-4F1D-8442-FE02C32935EE}.Release|Win32.Build.0 = Release|Win32
	EndGlobalSection
	GlobalSection(SolutionProperties) = preSolution
		HideSolutionNode = FALSE
	EndGlobalSection
EndGlobal
